// !$*UTF8*$!
{
	archiveVersion = 1;
	classes = {
	};
	objectVersion = 56;
	objects = {

/* Begin PBXBuildFile section */
		3145967A347FD0F736164B53 /* JFNSURLComponentsTests.m in Sources */ = {isa = PBXBuildFile; fileRef = 54EDB6D7A0577DCA31F5DB51 /* JFNSURLComponentsTests.m */; };
		376C0B0DEDF54FEDD409D98B /* JFNSDictionaryExtensionTests.m in Sources */ = {isa = PBXBuildFile; fileRef = 78B7BD914178791C5744EFA7 /* JFNSDictionaryExtensionTests.m */; };
		461018ABE0089D60F4DA2306 /* JFNSMutableAttributedStringExtensionTests.m in Sources */ = {isa = PBXBuildFile; fileRef = 2E4A3E73E04CEE6661F6DFFF /* JFNSMutableAttributedStringExtensionTests.m */; };
		4AB3C102AA8F123215EA0D36 /* JFVapResourceDownloader.m in Sources */ = {isa = PBXBuildFile; fileRef = F176EDD05B562F19ADCBFB76 /* JFVapResourceDownloader.m */; };
		4EDB7CAF3C9D880ED737E75B /* JFNSCalendarExtensionTests.m in Sources */ = {isa = PBXBuildFile; fileRef = A6C461CEBCFE92A3C614618C /* JFNSCalendarExtensionTests.m */; };
		557D600C89F40B3E08D81970 /* libPods-ObjcDemoTests.a in Frameworks */ = {isa = PBXBuildFile; fileRef = 0ED44E1B113D8CBF066B0B38 /* libPods-ObjcDemoTests.a */; };
		717D2FD41CF7433F277B33D3 /* JFVapDebugConfig.m in Sources */ = {isa = PBXBuildFile; fileRef = D12FFA3FB562E917E2CB321E /* JFVapDebugConfig.m */; };
		8285922C100DB1F719285DCC /* JFNSLocaleExtensionTests.m in Sources */ = {isa = PBXBuildFile; fileRef = 773BF97D6F8D637C0786F4F7 /* JFNSLocaleExtensionTests.m */; };
		8ECB0493C40795FC4E31BE44 /* JFNSErrorExtensionTests.m in Sources */ = {isa = PBXBuildFile; fileRef = 58FEAB0532C712869CE6DC77 /* JFNSErrorExtensionTests.m */; };
		91B34FEF0B6E5393619F695A /* libPods-ObjcDemo.a in Frameworks */ = {isa = PBXBuildFile; fileRef = A80F341A71F3B05243158FB5 /* libPods-ObjcDemo.a */; };
		9210125E159DABF61A4AF6CA /* JFNSMutableDictionaryExtensionTests.m in Sources */ = {isa = PBXBuildFile; fileRef = BF56A295E9C03E08AEA69DFC /* JFNSMutableDictionaryExtensionTests.m */; };
		95731E04464A316849A5C59E /* FamVapTestController.m in Sources */ = {isa = PBXBuildFile; fileRef = 2780780366C0C47018900786 /* FamVapTestController.m */; };
		9F2E347E4B736A36936501EE /* JFNSNumberExtensionTests.m in Sources */ = {isa = PBXBuildFile; fileRef = F4BC25156A4A9956ECA38243 /* JFNSNumberExtensionTests.m */; };
		A0EA4320E30D55D05B108218 /* JFNSDateExtensionTests.m in Sources */ = {isa = PBXBuildFile; fileRef = 678FE01C9AC948DBEA42430F /* JFNSDateExtensionTests.m */; };
		A43CFB362F0B5AAC00F8D0B3 /* JFRootViewController.m in Sources */ = {isa = PBXBuildFile; fileRef = A43CFB352F0B5AAC00F8D0B3 /* JFRootViewController.m */; };
		A47B6F6B2F1DD014008D04F4 /* PrivacyInfo.xcprivacy in Resources */ = {isa = PBXBuildFile; fileRef = A47B6F6A2F1DD014008D04F4 /* PrivacyInfo.xcprivacy */; };
		A487B3A62EF406210091D5D8 /* AutoReleasePoolTestCase.m in Sources */ = {isa = PBXBuildFile; fileRef = A487B3A52EF406210091D5D8 /* AutoReleasePoolTestCase.m */; };
		A48E5E3B2F1E310000E3A676 /* JFTestItem.m in Sources */ = {isa = PBXBuildFile; fileRef = A48E5E3A2F1E310000E3A676 /* JFTestItem.m */; };
		A48E5E402F1E31CE00E3A676 /* JFAsrViewController.m in Sources */ = {isa = PBXBuildFile; fileRef = A48E5E3F2F1E31CE00E3A676 /* JFAsrViewController.m */; };
		A4D87DD42DFFB170009ED61B /* UITapDebounceManager.m in Sources */ = {isa = PBXBuildFile; fileRef = A4D87DD32DFFB170009ED61B /* UITapDebounceManager.m */; };
		A4E662052F0B6020003A1278 /* JFBaseViewController.m in Sources */ = {isa = PBXBuildFile; fileRef = A4E662042F0B6020003A1278 /* JFBaseViewController.m */; };
		A4E662112F0B8C25003A1278 /* JFRoomChatSystemCell.m in Sources */ = {isa = PBXBuildFile; fileRef = A4E6620B2F0B8C25003A1278 /* JFRoomChatSystemCell.m */; };
		A4E662122F0B8C25003A1278 /* JFRoomChatView.m in Sources */ = {isa = PBXBuildFile; fileRef = A4E6620F2F0B8C25003A1278 /* JFRoomChatView.m */; };
		A4E662132F0B8C25003A1278 /* JFRoomChatTextCell.m in Sources */ = {isa = PBXBuildFile; fileRef = A4E6620D2F0B8C25003A1278 /* JFRoomChatTextCell.m */; };
		A4E662142F0B8C25003A1278 /* JFRoomChatBaseCell.m in Sources */ = {isa = PBXBuildFile; fileRef = A4E662072F0B8C25003A1278 /* JFRoomChatBaseCell.m */; };
		A4E662152F0B8C25003A1278 /* JFRoomChatModel.m in Sources */ = {isa = PBXBuildFile; fileRef = A4E662092F0B8C25003A1278 /* JFRoomChatModel.m */; };
		B645797D2B8FD88800F38A9A /* JFPerson.m in Sources */ = {isa = PBXBuildFile; fileRef = B645797C2B8FD88800F38A9A /* JFPerson.m */; };
		B64579802B909D5100F38A9A /* JFTest_KVC_KVO_ViewController.m in Sources */ = {isa = PBXBuildFile; fileRef = B645797F2B909D5100F38A9A /* JFTest_KVC_KVO_ViewController.m */; };
		B657AFFF2F1CAA1E0087A7FC /* HelloWorld.swift in Sources */ = {isa = PBXBuildFile; fileRef = B657AFFE2F1CAA1E0087A7FC /* HelloWorld.swift */; };
		B657B0022F1CAB2F0087A7FC /* JFReactViewController.m in Sources */ = {isa = PBXBuildFile; fileRef = B657B0012F1CAB2F0087A7FC /* JFReactViewController.m */; };
		B66D3C992BB483BD009F4BEB /* BlockTestCase.m in Sources */ = {isa = PBXBuildFile; fileRef = B66D3C982BB483BD009F4BEB /* BlockTestCase.m */; };
		B66D3C9C2BB48490009F4BEB /* RuntimeTestCase.m in Sources */ = {isa = PBXBuildFile; fileRef = B66D3C9B2BB48490009F4BEB /* RuntimeTestCase.m */; };
		B66D3C9F2BB48550009F4BEB /* ThreadTestCase.m in Sources */ = {isa = PBXBuildFile; fileRef = B66D3C9E2BB48550009F4BEB /* ThreadTestCase.m */; };
		B66D41422BC1AF6B009F4BEB /* OtherTestCase.m in Sources */ = {isa = PBXBuildFile; fileRef = B66D41412BC1AF6B009F4BEB /* OtherTestCase.m */; };
		B66D43962BC559C9009F4BEB /* MemoryTestCase.m in Sources */ = {isa = PBXBuildFile; fileRef = B66D43952BC559C9009F4BEB /* MemoryTestCase.m */; };
		B66F2A7C2BCC16CD0003CC99 /* JFAliveThreadTestViewController.m in Sources */ = {isa = PBXBuildFile; fileRef = B66F2A7B2BCC16CD0003CC99 /* JFAliveThreadTestViewController.m */; };
		B6786B3F2B979792007B07C7 /* Student.m in Sources */ = {isa = PBXBuildFile; fileRef = B6786B3E2B979792007B07C7 /* Student.m */; };
		B6786B422B97979E007B07C7 /* Teacher.m in Sources */ = {isa = PBXBuildFile; fileRef = B6786B412B97979E007B07C7 /* Teacher.m */; };
		B6C2C9522B64337400C0B8B4 /* AppDelegate.m in Sources */ = {isa = PBXBuildFile; fileRef = B6C2C9512B64337400C0B8B4 /* AppDelegate.m */; };
		B6C2C9582B64337400C0B8B4 /* ViewController.m in Sources */ = {isa = PBXBuildFile; fileRef = B6C2C9572B64337400C0B8B4 /* ViewController.m */; };
		B6C2C95D2B64337600C0B8B4 /* Assets.xcassets in Resources */ = {isa = PBXBuildFile; fileRef = B6C2C95C2B64337600C0B8B4 /* Assets.xcassets */; };
		B6C2C9602B64337600C0B8B4 /* LaunchScreen.storyboard in Resources */ = {isa = PBXBuildFile; fileRef = B6C2C95E2B64337600C0B8B4 /* LaunchScreen.storyboard */; };
		B6C2C9632B64337600C0B8B4 /* main.m in Sources */ = {isa = PBXBuildFile; fileRef = B6C2C9622B64337600C0B8B4 /* main.m */; };
		B6F6719B2BCA87AB00458D46 /* JFThreadTestViewController.m in Sources */ = {isa = PBXBuildFile; fileRef = B6F6719A2BCA87AB00458D46 /* JFThreadTestViewController.m */; };
		B6FCDC3E2BCAE6150012B22E /* AliveThread.m in Sources */ = {isa = PBXBuildFile; fileRef = B6FCDC3D2BCAE6150012B22E /* AliveThread.m */; };
		BB6B91D3825AE032E6C4A306 /* JFNSStringExtensionTests.m in Sources */ = {isa = PBXBuildFile; fileRef = 17408A032A51660BFBADC958 /* JFNSStringExtensionTests.m */; };
		C0DEA0030000000000000001 /* JFObjCTestListViewController.m in Sources */ = {isa = PBXBuildFile; fileRef = C0DEA0020000000000000001 /* JFObjCTestListViewController.m */; };
		C0DFF2030000000000000001 /* JFUIKitDemoListViewController.m in Sources */ = {isa = PBXBuildFile; fileRef = C0DFF1120000000000000001 /* JFUIKitDemoListViewController.m */; };
		C0DFF2040000000000000001 /* JFUIKitDemoViewController.m in Sources */ = {isa = PBXBuildFile; fileRef = C0DFF1140000000000000001 /* JFUIKitDemoViewController.m */; };
		C285C449FAB6EB8A64EABFD8 /* JFNSDictionarySafeTests.m in Sources */ = {isa = PBXBuildFile; fileRef = 6FE5B17363DDD4FC54A745C9 /* JFNSDictionarySafeTests.m */; };
		C9A0E945855EDDB51FE932F0 /* JFNSArrayExtensionTests.m in Sources */ = {isa = PBXBuildFile; fileRef = 544A48E481A2F4A8018A404B /* JFNSArrayExtensionTests.m */; };
		CCC138F88C05BA247BB5E96F /* JFNSObjectExtensionTests.m in Sources */ = {isa = PBXBuildFile; fileRef = 9D7F84358C87D135E8456D20 /* JFNSObjectExtensionTests.m */; };
		E44B1094E42C23AC0C8272CB /* JFFloatUtilsTests.m in Sources */ = {isa = PBXBuildFile; fileRef = 4D4569F9E85EA963BD88A8D7 /* JFFloatUtilsTests.m */; };
		EDBDC96A86DDB6603CE4F71D /* JFNSURLOSSImageURLTests.m in Sources */ = {isa = PBXBuildFile; fileRef = 952A8AA536B30619D2E6FCE0 /* JFNSURLOSSImageURLTests.m */; };
		EE0EA559A16EF1EE2D0B6CE3 /* JFNSDataExtensionTests.m in Sources */ = {isa = PBXBuildFile; fileRef = 7A4EECCD951F526F22649D9D /* JFNSDataExtensionTests.m */; };
		F6512E56E3B0B17A3D831B41 /* JFVapImageCacheHelper.m in Sources */ = {isa = PBXBuildFile; fileRef = A095A6A8FAA03E4D981989D4 /* JFVapImageCacheHelper.m */; };
		FBD1FE19A28BF97B990C2564 /* JFNSMutableArraySafeTests.m in Sources */ = {isa = PBXBuildFile; fileRef = 4FB96F99938F1AD5C5E005EA /* JFNSMutableArraySafeTests.m */; };
/* End PBXBuildFile section */

/* Begin PBXContainerItemProxy section */
		6651B0763E43710E147D5C3E /* PBXContainerItemProxy */ = {
			isa = PBXContainerItemProxy;
			containerPortal = B6C2C9452B64337400C0B8B4 /* Project object */;
			proxyType = 1;
			remoteGlobalIDString = B6C2C94C2B64337400C0B8B4;
			remoteInfo = ObjcDemo;
		};
/* End PBXContainerItemProxy section */

/* Begin PBXFileReference section */
		0ED44E1B113D8CBF066B0B38 /* libPods-ObjcDemoTests.a */ = {isa = PBXFileReference; explicitFileType = archive.ar; includeInIndex = 0; path = "libPods-ObjcDemoTests.a"; sourceTree = BUILT_PRODUCTS_DIR; };
		10C682BA7D76DF8A72AA22E8 /* Pods-ObjcDemo.debug.xcconfig */ = {isa = PBXFileReference; includeInIndex = 1; lastKnownFileType = text.xcconfig; name = "Pods-ObjcDemo.debug.xcconfig"; path = "Target Support Files/Pods-ObjcDemo/Pods-ObjcDemo.debug.xcconfig"; sourceTree = "<group>"; };
		17408A032A51660BFBADC958 /* JFNSStringExtensionTests.m */ = {isa = PBXFileReference; includeInIndex = 1; lastKnownFileType = sourcecode.c.objc; path = JFNSStringExtensionTests.m; sourceTree = "<group>"; };
		2091B7531CD4AD9D78983C63 /* JFVapImageCacheHelper.h */ = {isa = PBXFileReference; includeInIndex = 1; lastKnownFileType = sourcecode.c.h; path = JFVapImageCacheHelper.h; sourceTree = "<group>"; };
		2780780366C0C47018900786 /* FamVapTestController.m */ = {isa = PBXFileReference; includeInIndex = 1; lastKnownFileType = sourcecode.c.objc; path = FamVapTestController.m; sourceTree = "<group>"; };
		2E4A3E73E04CEE6661F6DFFF /* JFNSMutableAttributedStringExtensionTests.m */ = {isa = PBXFileReference; includeInIndex = 1; lastKnownFileType = sourcecode.c.objc; path = JFNSMutableAttributedStringExtensionTests.m; sourceTree = "<group>"; };
		4D4569F9E85EA963BD88A8D7 /* JFFloatUtilsTests.m */ = {isa = PBXFileReference; includeInIndex = 1; lastKnownFileType = sourcecode.c.objc; path = JFFloatUtilsTests.m; sourceTree = "<group>"; };
		4FB96F99938F1AD5C5E005EA /* JFNSMutableArraySafeTests.m */ = {isa = PBXFileReference; includeInIndex = 1; lastKnownFileType = sourcecode.c.objc; path = JFNSMutableArraySafeTests.m; sourceTree = "<group>"; };
		544A48E481A2F4A8018A404B /* JFNSArrayExtensionTests.m */ = {isa = PBXFileReference; includeInIndex = 1; lastKnownFileType = sourcecode.c.objc; path = JFNSArrayExtensionTests.m; sourceTree = "<group>"; };
		54EDB6D7A0577DCA31F5DB51 /* JFNSURLComponentsTests.m */ = {isa = PBXFileReference; includeInIndex = 1; lastKnownFileType = sourcecode.c.objc; path = JFNSURLComponentsTests.m; sourceTree = "<group>"; };
		573CCE0069D5C0730588E033 /* FamVapTestController.h */ = {isa = PBXFileReference; includeInIndex = 1; lastKnownFileType = sourcecode.c.h; path = FamVapTestController.h; sourceTree = "<group>"; };
		58FEAB0532C712869CE6DC77 /* JFNSErrorExtensionTests.m */ = {isa = PBXFileReference; includeInIndex = 1; lastKnownFileType = sourcecode.c.objc; path = JFNSErrorExtensionTests.m; sourceTree = "<group>"; };
		5EC1CE3A5EA7D6B9F1E43FFA /* Pods-ObjcDemo.release.xcconfig */ = {isa = PBXFileReference; includeInIndex = 1; lastKnownFileType = text.xcconfig; name = "Pods-ObjcDemo.release.xcconfig"; path = "Target Support Files/Pods-ObjcDemo/Pods-ObjcDemo.release.xcconfig"; sourceTree = "<group>"; };
		62167E8A1F86476072ED0115 /* JFVapResourceDownloader.h */ = {isa = PBXFileReference; includeInIndex = 1; lastKnownFileType = sourcecode.c.h; path = JFVapResourceDownloader.h; sourceTree = "<group>"; };
		66D6C16C65E19846F003BC81 /* Pods-ObjcDemoTests.debug.xcconfig */ = {isa = PBXFileReference; includeInIndex = 1; lastKnownFileType = text.xcconfig; name = "Pods-ObjcDemoTests.debug.xcconfig"; path = "Target Support Files/Pods-ObjcDemoTests/Pods-ObjcDemoTests.debug.xcconfig"; sourceTree = "<group>"; };
		678FE01C9AC948DBEA42430F /* JFNSDateExtensionTests.m */ = {isa = PBXFileReference; includeInIndex = 1; lastKnownFileType = sourcecode.c.objc; path = JFNSDateExtensionTests.m; sourceTree = "<group>"; };
		6FE5B17363DDD4FC54A745C9 /* JFNSDictionarySafeTests.m */ = {isa = PBXFileReference; includeInIndex = 1; lastKnownFileType = sourcecode.c.objc; path = JFNSDictionarySafeTests.m; sourceTree = "<group>"; };
		773BF97D6F8D637C0786F4F7 /* JFNSLocaleExtensionTests.m */ = {isa = PBXFileReference; includeInIndex = 1; lastKnownFileType = sourcecode.c.objc; path = JFNSLocaleExtensionTests.m; sourceTree = "<group>"; };
		78B7BD914178791C5744EFA7 /* JFNSDictionaryExtensionTests.m */ = {isa = PBXFileReference; includeInIndex = 1; lastKnownFileType = sourcecode.c.objc; path = JFNSDictionaryExtensionTests.m; sourceTree = "<group>"; };
		7A4EECCD951F526F22649D9D /* JFNSDataExtensionTests.m */ = {isa = PBXFileReference; includeInIndex = 1; lastKnownFileType = sourcecode.c.objc; path = JFNSDataExtensionTests.m; sourceTree = "<group>"; };
		882E19700984174B1B0D048A /* ObjcDemoTests.xctest */ = {isa = PBXFileReference; explicitFileType = wrapper.cfbundle; includeInIndex = 0; path = ObjcDemoTests.xctest; sourceTree = BUILT_PRODUCTS_DIR; };
		952A8AA536B30619D2E6FCE0 /* JFNSURLOSSImageURLTests.m */ = {isa = PBXFileReference; includeInIndex = 1; lastKnownFileType = sourcecode.c.objc; path = JFNSURLOSSImageURLTests.m; sourceTree = "<group>"; };
		9D7F84358C87D135E8456D20 /* JFNSObjectExtensionTests.m */ = {isa = PBXFileReference; includeInIndex = 1; lastKnownFileType = sourcecode.c.objc; path = JFNSObjectExtensionTests.m; sourceTree = "<group>"; };
		A095A6A8FAA03E4D981989D4 /* JFVapImageCacheHelper.m */ = {isa = PBXFileReference; includeInIndex = 1; lastKnownFileType = sourcecode.c.objc; path = JFVapImageCacheHelper.m; sourceTree = "<group>"; };
		A4059A812FBB3110007D6B54 /* ObjcDemo-Prefix.pch */ = {isa = PBXFileReference; lastKnownFileType = sourcecode.c.h; path = "ObjcDemo-Prefix.pch"; sourceTree = "<group>"; };
		A43CFB342F0B5AAC00F8D0B3 /* JFRootViewController.h */ = {isa = PBXFileReference; lastKnownFileType = sourcecode.c.h; path = JFRootViewController.h; sourceTree = "<group>"; };
		A43CFB352F0B5AAC00F8D0B3 /* JFRootViewController.m */ = {isa = PBXFileReference; lastKnownFileType = sourcecode.c.objc; path = JFRootViewController.m; sourceTree = "<group>"; };
		A47B6F6A2F1DD014008D04F4 /* PrivacyInfo.xcprivacy */ = {isa = PBXFileReference; lastKnownFileType = text.xml; path = PrivacyInfo.xcprivacy; sourceTree = "<group>"; };
		A487B3A42EF406210091D5D8 /* AutoReleasePoolTestCase.h */ = {isa = PBXFileReference; lastKnownFileType = sourcecode.c.h; path = AutoReleasePoolTestCase.h; sourceTree = "<group>"; };
		A487B3A52EF406210091D5D8 /* AutoReleasePoolTestCase.m */ = {isa = PBXFileReference; lastKnownFileType = sourcecode.c.objc; path = AutoReleasePoolTestCase.m; sourceTree = "<group>"; };
		A48E5E392F1E310000E3A676 /* JFTestItem.h */ = {isa = PBXFileReference; lastKnownFileType = sourcecode.c.h; path = JFTestItem.h; sourceTree = "<group>"; };
		A48E5E3A2F1E310000E3A676 /* JFTestItem.m */ = {isa = PBXFileReference; lastKnownFileType = sourcecode.c.objc; path = JFTestItem.m; sourceTree = "<group>"; };
		A48E5E3E2F1E31CE00E3A676 /* JFAsrViewController.h */ = {isa = PBXFileReference; lastKnownFileType = sourcecode.c.h; path = JFAsrViewController.h; sourceTree = "<group>"; };
		A48E5E3F2F1E31CE00E3A676 /* JFAsrViewController.m */ = {isa = PBXFileReference; lastKnownFileType = sourcecode.c.objc; path = JFAsrViewController.m; sourceTree = "<group>"; };
		A4D87DD22DFFB170009ED61B /* UITapDebounceManager.h */ = {isa = PBXFileReference; lastKnownFileType = sourcecode.c.h; path = UITapDebounceManager.h; sourceTree = "<group>"; };
		A4D87DD32DFFB170009ED61B /* UITapDebounceManager.m */ = {isa = PBXFileReference; lastKnownFileType = sourcecode.c.objc; path = UITapDebounceManager.m; sourceTree = "<group>"; };
		A4E662032F0B6020003A1278 /* JFBaseViewController.h */ = {isa = PBXFileReference; lastKnownFileType = sourcecode.c.h; path = JFBaseViewController.h; sourceTree = "<group>"; };
		A4E662042F0B6020003A1278 /* JFBaseViewController.m */ = {isa = PBXFileReference; lastKnownFileType = sourcecode.c.objc; path = JFBaseViewController.m; sourceTree = "<group>"; };
		A4E662062F0B8C25003A1278 /* JFRoomChatBaseCell.h */ = {isa = PBXFileReference; lastKnownFileType = sourcecode.c.h; path = JFRoomChatBaseCell.h; sourceTree = "<group>"; };
		A4E662072F0B8C25003A1278 /* JFRoomChatBaseCell.m */ = {isa = PBXFileReference; lastKnownFileType = sourcecode.c.objc; path = JFRoomChatBaseCell.m; sourceTree = "<group>"; };
		A4E662082F0B8C25003A1278 /* JFRoomChatModel.h */ = {isa = PBXFileReference; lastKnownFileType = sourcecode.c.h; path = JFRoomChatModel.h; sourceTree = "<group>"; };
		A4E662092F0B8C25003A1278 /* JFRoomChatModel.m */ = {isa = PBXFileReference; lastKnownFileType = sourcecode.c.objc; path = JFRoomChatModel.m; sourceTree = "<group>"; };
		A4E6620A2F0B8C25003A1278 /* JFRoomChatSystemCell.h */ = {isa = PBXFileReference; lastKnownFileType = sourcecode.c.h; path = JFRoomChatSystemCell.h; sourceTree = "<group>"; };
		A4E6620B2F0B8C25003A1278 /* JFRoomChatSystemCell.m */ = {isa = PBXFileReference; lastKnownFileType = sourcecode.c.objc; path = JFRoomChatSystemCell.m; sourceTree = "<group>"; };
		A4E6620C2F0B8C25003A1278 /* JFRoomChatTextCell.h */ = {isa = PBXFileReference; lastKnownFileType = sourcecode.c.h; path = JFRoomChatTextCell.h; sourceTree = "<group>"; };
		A4E6620D2F0B8C25003A1278 /* JFRoomChatTextCell.m */ = {isa = PBXFileReference; lastKnownFileType = sourcecode.c.objc; path = JFRoomChatTextCell.m; sourceTree = "<group>"; };
		A4E6620E2F0B8C25003A1278 /* JFRoomChatView.h */ = {isa = PBXFileReference; lastKnownFileType = sourcecode.c.h; path = JFRoomChatView.h; sourceTree = "<group>"; };
		A4E6620F2F0B8C25003A1278 /* JFRoomChatView.m */ = {isa = PBXFileReference; lastKnownFileType = sourcecode.c.objc; path = JFRoomChatView.m; sourceTree = "<group>"; };
		A4EF0EB72F4FF3F600949EAE /* JFMacro.h */ = {isa = PBXFileReference; lastKnownFileType = sourcecode.c.h; path = JFMacro.h; sourceTree = "<group>"; };
		A56AD08700904092D9B820E6 /* JFVapDebugConfig.h */ = {isa = PBXFileReference; includeInIndex = 1; lastKnownFileType = sourcecode.c.h; path = JFVapDebugConfig.h; sourceTree = "<group>"; };
		A6C461CEBCFE92A3C614618C /* JFNSCalendarExtensionTests.m */ = {isa = PBXFileReference; includeInIndex = 1; lastKnownFileType = sourcecode.c.objc; path = JFNSCalendarExtensionTests.m; sourceTree = "<group>"; };
		A80F341A71F3B05243158FB5 /* libPods-ObjcDemo.a */ = {isa = PBXFileReference; explicitFileType = archive.ar; includeInIndex = 0; path = "libPods-ObjcDemo.a"; sourceTree = BUILT_PRODUCTS_DIR; };
		B645797B2B8FD88800F38A9A /* JFPerson.h */ = {isa = PBXFileReference; lastKnownFileType = sourcecode.c.h; path = JFPerson.h; sourceTree = "<group>"; };
		B645797C2B8FD88800F38A9A /* JFPerson.m */ = {isa = PBXFileReference; lastKnownFileType = sourcecode.c.objc; path = JFPerson.m; sourceTree = "<group>"; };
		B645797E2B909D5100F38A9A /* JFTest_KVC_KVO_ViewController.h */ = {isa = PBXFileReference; lastKnownFileType = sourcecode.c.h; path = JFTest_KVC_KVO_ViewController.h; sourceTree = "<group>"; };
		B645797F2B909D5100F38A9A /* JFTest_KVC_KVO_ViewController.m */ = {isa = PBXFileReference; lastKnownFileType = sourcecode.c.objc; path = JFTest_KVC_KVO_ViewController.m; sourceTree = "<group>"; };
		B657AFFD2F1CAA1E0087A7FC /* ObjcDemo-Bridging-Header.h */ = {isa = PBXFileReference; lastKnownFileType = sourcecode.c.h; path = "ObjcDemo-Bridging-Header.h"; sourceTree = "<group>"; };
		B657AFFE2F1CAA1E0087A7FC /* HelloWorld.swift */ = {isa = PBXFileReference; lastKnownFileType = sourcecode.swift; path = HelloWorld.swift; sourceTree = "<group>"; };
		B657B0002F1CAB2F0087A7FC /* JFReactViewController.h */ = {isa = PBXFileReference; lastKnownFileType = sourcecode.c.h; path = JFReactViewController.h; sourceTree = "<group>"; };
		B657B0012F1CAB2F0087A7FC /* JFReactViewController.m */ = {isa = PBXFileReference; lastKnownFileType = sourcecode.c.objc; path = JFReactViewController.m; sourceTree = "<group>"; };
		B66D3C972BB483BD009F4BEB /* BlockTestCase.h */ = {isa = PBXFileReference; lastKnownFileType = sourcecode.c.h; path = BlockTestCase.h; sourceTree = "<group>"; };
		B66D3C982BB483BD009F4BEB /* BlockTestCase.m */ = {isa = PBXFileReference; lastKnownFileType = sourcecode.c.objc; path = BlockTestCase.m; sourceTree = "<group>"; };
		B66D3C9A2BB48490009F4BEB /* RuntimeTestCase.h */ = {isa = PBXFileReference; lastKnownFileType = sourcecode.c.h; path = RuntimeTestCase.h; sourceTree = "<group>"; };
		B66D3C9B2BB48490009F4BEB /* RuntimeTestCase.m */ = {isa = PBXFileReference; lastKnownFileType = sourcecode.c.objc; path = RuntimeTestCase.m; sourceTree = "<group>"; };
		B66D3C9D2BB48550009F4BEB /* ThreadTestCase.h */ = {isa = PBXFileReference; lastKnownFileType = sourcecode.c.h; path = ThreadTestCase.h; sourceTree = "<group>"; };
		B66D3C9E2BB48550009F4BEB /* ThreadTestCase.m */ = {isa = PBXFileReference; lastKnownFileType = sourcecode.c.objc; path = ThreadTestCase.m; sourceTree = "<group>"; };
		B66D41402BC1AF6B009F4BEB /* OtherTestCase.h */ = {isa = PBXFileReference; lastKnownFileType = sourcecode.c.h; path = OtherTestCase.h; sourceTree = "<group>"; };
		B66D41412BC1AF6B009F4BEB /* OtherTestCase.m */ = {isa = PBXFileReference; lastKnownFileType = sourcecode.c.objc; path = OtherTestCase.m; sourceTree = "<group>"; };
		B66D43942BC559C9009F4BEB /* MemoryTestCase.h */ = {isa = PBXFileReference; lastKnownFileType = sourcecode.c.h; path = MemoryTestCase.h; sourceTree = "<group>"; };
		B66D43952BC559C9009F4BEB /* MemoryTestCase.m */ = {isa = PBXFileReference; lastKnownFileType = sourcecode.c.objc; path = MemoryTestCase.m; sourceTree = "<group>"; };
		B66F2A7A2BCC16CD0003CC99 /* JFAliveThreadTestViewController.h */ = {isa = PBXFileReference; lastKnownFileType = sourcecode.c.h; path = JFAliveThreadTestViewController.h; sourceTree = "<group>"; };
		B66F2A7B2BCC16CD0003CC99 /* JFAliveThreadTestViewController.m */ = {isa = PBXFileReference; lastKnownFileType = sourcecode.c.objc; path = JFAliveThreadTestViewController.m; sourceTree = "<group>"; };
		B6786B3D2B979792007B07C7 /* Student.h */ = {isa = PBXFileReference; lastKnownFileType = sourcecode.c.h; path = Student.h; sourceTree = "<group>"; };
		B6786B3E2B979792007B07C7 /* Student.m */ = {isa = PBXFileReference; lastKnownFileType = sourcecode.c.objc; path = Student.m; sourceTree = "<group>"; };
		B6786B402B97979E007B07C7 /* Teacher.h */ = {isa = PBXFileReference; lastKnownFileType = sourcecode.c.h; path = Teacher.h; sourceTree = "<group>"; };
		B6786B412B97979E007B07C7 /* Teacher.m */ = {isa = PBXFileReference; lastKnownFileType = sourcecode.c.objc; path = Teacher.m; sourceTree = "<group>"; };
		B6C2C94D2B64337400C0B8B4 /* ObjcDemo.app */ = {isa = PBXFileReference; explicitFileType = wrapper.application; includeInIndex = 0; path = ObjcDemo.app; sourceTree = BUILT_PRODUCTS_DIR; };
		B6C2C9502B64337400C0B8B4 /* AppDelegate.h */ = {isa = PBXFileReference; lastKnownFileType = sourcecode.c.h; path = AppDelegate.h; sourceTree = "<group>"; };
		B6C2C9512B64337400C0B8B4 /* AppDelegate.m */ = {isa = PBXFileReference; lastKnownFileType = sourcecode.c.objc; path = AppDelegate.m; sourceTree = "<group>"; };
		B6C2C9562B64337400C0B8B4 /* ViewController.h */ = {isa = PBXFileReference; lastKnownFileType = sourcecode.c.h; path = ViewController.h; sourceTree = "<group>"; };
		B6C2C9572B64337400C0B8B4 /* ViewController.m */ = {isa = PBXFileReference; lastKnownFileType = sourcecode.c.objc; path = ViewController.m; sourceTree = "<group>"; };
		B6C2C95C2B64337600C0B8B4 /* Assets.xcassets */ = {isa = PBXFileReference; lastKnownFileType = folder.assetcatalog; path = Assets.xcassets; sourceTree = "<group>"; };
		B6C2C95F2B64337600C0B8B4 /* Base */ = {isa = PBXFileReference; lastKnownFileType = file.storyboard; name = Base; path = Base.lproj/LaunchScreen.storyboard; sourceTree = "<group>"; };
		B6C2C9612B64337600C0B8B4 /* Info.plist */ = {isa = PBXFileReference; lastKnownFileType = text.plist.xml; path = Info.plist; sourceTree = "<group>"; };
		B6C2C9622B64337600C0B8B4 /* main.m */ = {isa = PBXFileReference; lastKnownFileType = sourcecode.c.objc; path = main.m; sourceTree = "<group>"; };
		B6F671992BCA87AB00458D46 /* JFThreadTestViewController.h */ = {isa = PBXFileReference; lastKnownFileType = sourcecode.c.h; path = JFThreadTestViewController.h; sourceTree = "<group>"; };
		B6F6719A2BCA87AB00458D46 /* JFThreadTestViewController.m */ = {isa = PBXFileReference; lastKnownFileType = sourcecode.c.objc; path = JFThreadTestViewController.m; sourceTree = "<group>"; };
		B6FCDC3C2BCAE6150012B22E /* AliveThread.h */ = {isa = PBXFileReference; lastKnownFileType = sourcecode.c.h; path = AliveThread.h; sourceTree = "<group>"; };
		B6FCDC3D2BCAE6150012B22E /* AliveThread.m */ = {isa = PBXFileReference; lastKnownFileType = sourcecode.c.objc; path = AliveThread.m; sourceTree = "<group>"; };
		BF56A295E9C03E08AEA69DFC /* JFNSMutableDictionaryExtensionTests.m */ = {isa = PBXFileReference; includeInIndex = 1; lastKnownFileType = sourcecode.c.objc; path = JFNSMutableDictionaryExtensionTests.m; sourceTree = "<group>"; };
		C0DEA0010000000000000001 /* JFObjCTestListViewController.h */ = {isa = PBXFileReference; lastKnownFileType = sourcecode.c.h; path = JFObjCTestListViewController.h; sourceTree = "<group>"; };
		C0DEA0020000000000000001 /* JFObjCTestListViewController.m */ = {isa = PBXFileReference; lastKnownFileType = sourcecode.c.objc; path = JFObjCTestListViewController.m; sourceTree = "<group>"; };
		C0DEA0040000000000000001 /* main.cpp */ = {isa = PBXFileReference; lastKnownFileType = sourcecode.cpp.cpp; path = main.cpp; sourceTree = "<group>"; };
		C0DEA0050000000000000001 /* main2.cpp */ = {isa = PBXFileReference; lastKnownFileType = sourcecode.cpp.cpp; path = main2.cpp; sourceTree = "<group>"; };
		C0DEA0060000000000000001 /* main-arm64.cpp */ = {isa = PBXFileReference; lastKnownFileType = sourcecode.cpp.cpp; path = "main-arm64.cpp"; sourceTree = "<group>"; };
		C0DFF1110000000000000001 /* JFUIKitDemoListViewController.h */ = {isa = PBXFileReference; lastKnownFileType = sourcecode.c.h; path = JFUIKitDemoListViewController.h; sourceTree = "<group>"; };
		C0DFF1120000000000000001 /* JFUIKitDemoListViewController.m */ = {isa = PBXFileReference; lastKnownFileType = sourcecode.c.objc; path = JFUIKitDemoListViewController.m; sourceTree = "<group>"; };
		C0DFF1130000000000000001 /* JFUIKitDemoViewController.h */ = {isa = PBXFileReference; lastKnownFileType = sourcecode.c.h; path = JFUIKitDemoViewController.h; sourceTree = "<group>"; };
		C0DFF1140000000000000001 /* JFUIKitDemoViewController.m */ = {isa = PBXFileReference; lastKnownFileType = sourcecode.c.objc; path = JFUIKitDemoViewController.m; sourceTree = "<group>"; };
		C962736E812FB9645B7FCAD2 /* Pods-ObjcDemoTests.release.xcconfig */ = {isa = PBXFileReference; includeInIndex = 1; lastKnownFileType = text.xcconfig; name = "Pods-ObjcDemoTests.release.xcconfig"; path = "Target Support Files/Pods-ObjcDemoTests/Pods-ObjcDemoTests.release.xcconfig"; sourceTree = "<group>"; };
		D12FFA3FB562E917E2CB321E /* JFVapDebugConfig.m */ = {isa = PBXFileReference; includeInIndex = 1; lastKnownFileType = sourcecode.c.objc; path = JFVapDebugConfig.m; sourceTree = "<group>"; };
		F176EDD05B562F19ADCBFB76 /* JFVapResourceDownloader.m */ = {isa = PBXFileReference; includeInIndex = 1; lastKnownFileType = sourcecode.c.objc; path = JFVapResourceDownloader.m; sourceTree = "<group>"; };
		F4BC25156A4A9956ECA38243 /* JFNSNumberExtensionTests.m */ = {isa = PBXFileReference; includeInIndex = 1; lastKnownFileType = sourcecode.c.objc; path = JFNSNumberExtensionTests.m; sourceTree = "<group>"; };
/* End PBXFileReference section */

/* Begin PBXFrameworksBuildPhase section */
		8975E877551213DB2656AE6B /* Frameworks */ = {
			isa = PBXFrameworksBuildPhase;
			buildActionMask = 2147483647;
			files = (
				557D600C89F40B3E08D81970 /* libPods-ObjcDemoTests.a in Frameworks */,
			);
			runOnlyForDeploymentPostprocessing = 0;
		};
		B6C2C94A2B64337400C0B8B4 /* Frameworks */ = {
			isa = PBXFrameworksBuildPhase;
			buildActionMask = 2147483647;
			files = (
				91B34FEF0B6E5393619F695A /* libPods-ObjcDemo.a in Frameworks */,
			);
			runOnlyForDeploymentPostprocessing = 0;
		};
/* End PBXFrameworksBuildPhase section */

/* Begin PBXGroup section */
		2037B32421122D8B00D921BE /* VAP */ = {
			isa = PBXGroup;
			children = (
				573CCE0069D5C0730588E033 /* FamVapTestController.h */,
				2780780366C0C47018900786 /* FamVapTestController.m */,
				A56AD08700904092D9B820E6 /* JFVapDebugConfig.h */,
				D12FFA3FB562E917E2CB321E /* JFVapDebugConfig.m */,
				2091B7531CD4AD9D78983C63 /* JFVapImageCacheHelper.h */,
				A095A6A8FAA03E4D981989D4 /* JFVapImageCacheHelper.m */,
				62167E8A1F86476072ED0115 /* JFVapResourceDownloader.h */,
				F176EDD05B562F19ADCBFB76 /* JFVapResourceDownloader.m */,
			);
			path = VAP;
			sourceTree = "<group>";
		};
		4077A455EC2ECA3441019C40 /* Pods */ = {
			isa = PBXGroup;
			children = (
				10C682BA7D76DF8A72AA22E8 /* Pods-ObjcDemo.debug.xcconfig */,
				5EC1CE3A5EA7D6B9F1E43FFA /* Pods-ObjcDemo.release.xcconfig */,
				C962736E812FB9645B7FCAD2 /* Pods-ObjcDemoTests.release.xcconfig */,
				66D6C16C65E19846F003BC81 /* Pods-ObjcDemoTests.debug.xcconfig */,
			);
			path = Pods;
			sourceTree = "<group>";
		};
		A46F1A842DDEC602009FE6BE /* Components */ = {
			isa = PBXGroup;
			children = (
				A4E662102F0B8C25003A1278 /* ChatView */,
				A48E5E3C2F1E319700E3A676 /* TapDebounce */,
			);
			path = Components;
			sourceTree = "<group>";
		};
		A487B3A72EF406400091D5D8 /* ObjcTestCase */ = {
			isa = PBXGroup;
			children = (
				C0DEA0010000000000000001 /* JFObjCTestListViewController.h */,
				C0DEA0020000000000000001 /* JFObjCTestListViewController.m */,
				B6C2C9562B64337400C0B8B4 /* ViewController.h */,
				B6C2C9572B64337400C0B8B4 /* ViewController.m */,
				B66D3C9D2BB48550009F4BEB /* ThreadTestCase.h */,
				B66D3C9E2BB48550009F4BEB /* ThreadTestCase.m */,
				B66D3C9A2BB48490009F4BEB /* RuntimeTestCase.h */,
				B66D3C9B2BB48490009F4BEB /* RuntimeTestCase.m */,
				B66D3C972BB483BD009F4BEB /* BlockTestCase.h */,
				B66D3C982BB483BD009F4BEB /* BlockTestCase.m */,
				A487B3A42EF406210091D5D8 /* AutoReleasePoolTestCase.h */,
				A487B3A52EF406210091D5D8 /* AutoReleasePoolTestCase.m */,
				B66D43942BC559C9009F4BEB /* MemoryTestCase.h */,
				B66D43952BC559C9009F4BEB /* MemoryTestCase.m */,
				B66D41402BC1AF6B009F4BEB /* OtherTestCase.h */,
				B66D41412BC1AF6B009F4BEB /* OtherTestCase.m */,
			);
			path = ObjcTestCase;
			sourceTree = "<group>";
		};
		A487B3A82EF406A30091D5D8 /* Threads */ = {
			isa = PBXGroup;
			children = (
				B6FCDC3C2BCAE6150012B22E /* AliveThread.h */,
				B6FCDC3D2BCAE6150012B22E /* AliveThread.m */,
				B6F671992BCA87AB00458D46 /* JFThreadTestViewController.h */,
				B6F6719A2BCA87AB00458D46 /* JFThreadTestViewController.m */,
				B66F2A7A2BCC16CD0003CC99 /* JFAliveThreadTestViewController.h */,
				B66F2A7B2BCC16CD0003CC99 /* JFAliveThreadTestViewController.m */,
			);
			path = Threads;
			sourceTree = "<group>";
		};
		A487B3A92EF406B20091D5D8 /* Models */ = {
			isa = PBXGroup;
			children = (
				B645797B2B8FD88800F38A9A /* JFPerson.h */,
				B645797C2B8FD88800F38A9A /* JFPerson.m */,
				B6786B3D2B979792007B07C7 /* Student.h */,
				B6786B3E2B979792007B07C7 /* Student.m */,
				B6786B402B97979E007B07C7 /* Teacher.h */,
				B6786B412B97979E007B07C7 /* Teacher.m */,
			);
			path = Models;
			sourceTree = "<group>";
		};
		A48E5E3C2F1E319700E3A676 /* TapDebounce */ = {
			isa = PBXGroup;
			children = (
				A4D87DD22DFFB170009ED61B /* UITapDebounceManager.h */,
				A4D87DD32DFFB170009ED61B /* UITapDebounceManager.m */,
			);
			path = TapDebounce;
			sourceTree = "<group>";
		};
		A48E5E3D2F1E31A200E3A676 /* ASR */ = {
			isa = PBXGroup;
			children = (
				A48E5E3E2F1E31CE00E3A676 /* JFAsrViewController.h */,
				A48E5E3F2F1E31CE00E3A676 /* JFAsrViewController.m */,
			);
			path = ASR;
			sourceTree = "<group>";
		};
		A4E662102F0B8C25003A1278 /* ChatView */ = {
			isa = PBXGroup;
			children = (
				A4E662062F0B8C25003A1278 /* JFRoomChatBaseCell.h */,
				A4E662072F0B8C25003A1278 /* JFRoomChatBaseCell.m */,
				A4E662082F0B8C25003A1278 /* JFRoomChatModel.h */,
				A4E662092F0B8C25003A1278 /* JFRoomChatModel.m */,
				A4E6620A2F0B8C25003A1278 /* JFRoomChatSystemCell.h */,
				A4E6620B2F0B8C25003A1278 /* JFRoomChatSystemCell.m */,
				A4E6620C2F0B8C25003A1278 /* JFRoomChatTextCell.h */,
				A4E6620D2F0B8C25003A1278 /* JFRoomChatTextCell.m */,
				A4E6620E2F0B8C25003A1278 /* JFRoomChatView.h */,
				A4E6620F2F0B8C25003A1278 /* JFRoomChatView.m */,
			);
			path = ChatView;
			sourceTree = "<group>";
		};
		A823690A1F3143F2D521EB1D /* JFFoundation */ = {
			isa = PBXGroup;
			children = (
				4D4569F9E85EA963BD88A8D7 /* JFFloatUtilsTests.m */,
				544A48E481A2F4A8018A404B /* JFNSArrayExtensionTests.m */,
				A6C461CEBCFE92A3C614618C /* JFNSCalendarExtensionTests.m */,
				7A4EECCD951F526F22649D9D /* JFNSDataExtensionTests.m */,
				678FE01C9AC948DBEA42430F /* JFNSDateExtensionTests.m */,
				78B7BD914178791C5744EFA7 /* JFNSDictionaryExtensionTests.m */,
				6FE5B17363DDD4FC54A745C9 /* JFNSDictionarySafeTests.m */,
				58FEAB0532C712869CE6DC77 /* JFNSErrorExtensionTests.m */,
				773BF97D6F8D637C0786F4F7 /* JFNSLocaleExtensionTests.m */,
				4FB96F99938F1AD5C5E005EA /* JFNSMutableArraySafeTests.m */,
				2E4A3E73E04CEE6661F6DFFF /* JFNSMutableAttributedStringExtensionTests.m */,
				BF56A295E9C03E08AEA69DFC /* JFNSMutableDictionaryExtensionTests.m */,
				F4BC25156A4A9956ECA38243 /* JFNSNumberExtensionTests.m */,
				9D7F84358C87D135E8456D20 /* JFNSObjectExtensionTests.m */,
				17408A032A51660BFBADC958 /* JFNSStringExtensionTests.m */,
				54EDB6D7A0577DCA31F5DB51 /* JFNSURLComponentsTests.m */,
				952A8AA536B30619D2E6FCE0 /* JFNSURLOSSImageURLTests.m */,
			);
			name = JFFoundation;
			path = ObjcDemoTests/JFFoundation;
			sourceTree = "<group>";
		};
		B657AFFC2F1CAA060087A7FC /* Swift */ = {
			isa = PBXGroup;
			children = (
				B657AFFE2F1CAA1E0087A7FC /* HelloWorld.swift */,
				B657AFFD2F1CAA1E0087A7FC /* ObjcDemo-Bridging-Header.h */,
			);
			path = Swift;
			sourceTree = "<group>";
		};
		B6C2C9442B64337400C0B8B4 = {
			isa = PBXGroup;
			children = (
				B6C2C94F2B64337400C0B8B4 /* ObjcDemo */,
				B6C2C94E2B64337400C0B8B4 /* Products */,
				4077A455EC2ECA3441019C40 /* Pods */,
				EFF12621B8E93118E2044DCF /* Frameworks */,
				F97E22CC39641B5C7D01AC0A /* ObjcDemoTests */,
			);
			sourceTree = "<group>";
		};
		B6C2C94E2B64337400C0B8B4 /* Products */ = {
			isa = PBXGroup;
			children = (
				B6C2C94D2B64337400C0B8B4 /* ObjcDemo.app */,
				882E19700984174B1B0D048A /* ObjcDemoTests.xctest */,
			);
			name = Products;
			sourceTree = "<group>";
		};
		B6C2C94F2B64337400C0B8B4 /* ObjcDemo */ = {
			isa = PBXGroup;
			children = (
				C0DEA0100000000000000001 /* App */,
				C0DEA0110000000000000001 /* Common */,
				C0DEA0120000000000000001 /* Features */,
				A46F1A842DDEC602009FE6BE /* Components */,
				B657AFFC2F1CAA060087A7FC /* Swift */,
				C0DEA0150000000000000001 /* ReactNative */,
				A487B3A92EF406B20091D5D8 /* Models */,
				C0DEA0140000000000000001 /* Resources */,
				C0DEA0160000000000000001 /* Experiments */,
			);
			path = ObjcDemo;
			sourceTree = "<group>";
		};
		C0DEA0100000000000000001 /* App */ = {
			isa = PBXGroup;
			children = (
				B6C2C9502B64337400C0B8B4 /* AppDelegate.h */,
				B6C2C9512B64337400C0B8B4 /* AppDelegate.m */,
				A4059A812FBB3110007D6B54 /* ObjcDemo-Prefix.pch */,
				B6C2C9612B64337600C0B8B4 /* Info.plist */,
				B6C2C9622B64337600C0B8B4 /* main.m */,
			);
			path = App;
			sourceTree = "<group>";
		};
		C0DEA0110000000000000001 /* Common */ = {
			isa = PBXGroup;
			children = (
				A4EF0EB72F4FF3F600949EAE /* JFMacro.h */,
				A4E662032F0B6020003A1278 /* JFBaseViewController.h */,
				A4E662042F0B6020003A1278 /* JFBaseViewController.m */,
			);
			path = Common;
			sourceTree = "<group>";
		};
		C0DEA0120000000000000001 /* Features */ = {
			isa = PBXGroup;
			children = (
				C0DEA0180000000000000001 /* Home */,
				C0DFF0010000000000000001 /* JFFoundation */,
				C0DFF0020000000000000001 /* JFUIKit */,
				A487B3A72EF406400091D5D8 /* ObjcTestCase */,
				A487B3A82EF406A30091D5D8 /* Threads */,
				C0DEA0130000000000000001 /* KVCKVO */,
				A48E5E3D2F1E31A200E3A676 /* ASR */,
				2037B32421122D8B00D921BE /* VAP */,
			);
			path = Features;
			sourceTree = "<group>";
		};
		C0DEA0130000000000000001 /* KVCKVO */ = {
			isa = PBXGroup;
			children = (
				B645797E2B909D5100F38A9A /* JFTest_KVC_KVO_ViewController.h */,
				B645797F2B909D5100F38A9A /* JFTest_KVC_KVO_ViewController.m */,
			);
			path = KVCKVO;
			sourceTree = "<group>";
		};
		C0DEA0140000000000000001 /* Resources */ = {
			isa = PBXGroup;
			children = (
				B6C2C95C2B64337600C0B8B4 /* Assets.xcassets */,
				B6C2C95E2B64337600C0B8B4 /* LaunchScreen.storyboard */,
				A47B6F6A2F1DD014008D04F4 /* PrivacyInfo.xcprivacy */,
			);
			path = Resources;
			sourceTree = "<group>";
		};
		C0DEA0150000000000000001 /* ReactNative */ = {
			isa = PBXGroup;
			children = (
				B657B0002F1CAB2F0087A7FC /* JFReactViewController.h */,
				B657B0012F1CAB2F0087A7FC /* JFReactViewController.m */,
			);
			path = ReactNative;
			sourceTree = "<group>";
		};
		C0DEA0160000000000000001 /* Experiments */ = {
			isa = PBXGroup;
			children = (
				C0DEA0170000000000000001 /* Generated */,
			);
			path = Experiments;
			sourceTree = "<group>";
		};
		C0DEA0170000000000000001 /* Generated */ = {
			isa = PBXGroup;
			children = (
				C0DEA0060000000000000001 /* main-arm64.cpp */,
				C0DEA0040000000000000001 /* main.cpp */,
				C0DEA0050000000000000001 /* main2.cpp */,
			);
			path = Generated;
			sourceTree = "<group>";
		};
		C0DEA0180000000000000001 /* Home */ = {
			isa = PBXGroup;
			children = (
				A43CFB342F0B5AAC00F8D0B3 /* JFRootViewController.h */,
				A43CFB352F0B5AAC00F8D0B3 /* JFRootViewController.m */,
				A48E5E392F1E310000E3A676 /* JFTestItem.h */,
				A48E5E3A2F1E310000E3A676 /* JFTestItem.m */,
			);
			path = Home;
			sourceTree = "<group>";
		};
		C0DFF0010000000000000001 /* JFFoundation */ = {
			isa = PBXGroup;
			children = (
			);
			path = JFFoundation;
			sourceTree = "<group>";
		};
		C0DFF0020000000000000001 /* JFUIKit */ = {
			isa = PBXGroup;
			children = (
				C0DFF1110000000000000001 /* JFUIKitDemoListViewController.h */,
				C0DFF1120000000000000001 /* JFUIKitDemoListViewController.m */,
				C0DFF1130000000000000001 /* JFUIKitDemoViewController.h */,
				C0DFF1140000000000000001 /* JFUIKitDemoViewController.m */,
			);
			path = JFUIKit;
			sourceTree = "<group>";
		};
		CF4A209F91411338B9D9C408 /* iOS */ = {
			isa = PBXGroup;
			children = (
			);
			name = iOS;
			sourceTree = "<group>";
		};
		EFF12621B8E93118E2044DCF /* Frameworks */ = {
			isa = PBXGroup;
			children = (
				A80F341A71F3B05243158FB5 /* libPods-ObjcDemo.a */,
				CF4A209F91411338B9D9C408 /* iOS */,
				0ED44E1B113D8CBF066B0B38 /* libPods-ObjcDemoTests.a */,
			);
			name = Frameworks;
			sourceTree = "<group>";
		};
		F97E22CC39641B5C7D01AC0A /* ObjcDemoTests */ = {
			isa = PBXGroup;
			children = (
				A823690A1F3143F2D521EB1D /* JFFoundation */,
			);
			name = ObjcDemoTests;
			sourceTree = "<group>";
		};
/* End PBXGroup section */

/* Begin PBXNativeTarget section */
		3B89B18410AB038EA8FA8F66 /* ObjcDemoTests */ = {
			isa = PBXNativeTarget;
			buildConfigurationList = 036914709E9F32F063C6E8EA /* Build configuration list for PBXNativeTarget "ObjcDemoTests" */;
			buildPhases = (
				539D332F815298C7433C3322 /* [CP] Check Pods Manifest.lock */,
				8A6141EF448D061DB26C67C3 /* Sources */,
				8975E877551213DB2656AE6B /* Frameworks */,
				2F2E863EE18A8ABBBCE2DD22 /* Resources */,
			);
			buildRules = (
			);
			dependencies = (
				C97F9F358248CBEA223EF28C /* PBXTargetDependency */,
			);
			name = ObjcDemoTests;
			productName = ObjcDemoTests;
			productReference = 882E19700984174B1B0D048A /* ObjcDemoTests.xctest */;
			productType = "com.apple.product-type.bundle.unit-test";
		};
		B6C2C94C2B64337400C0B8B4 /* ObjcDemo */ = {
			isa = PBXNativeTarget;
			buildConfigurationList = B6C2C9662B64337600C0B8B4 /* Build configuration list for PBXNativeTarget "ObjcDemo" */;
			buildPhases = (
				9E585CF783EAA3A139B3A524 /* [CP] Check Pods Manifest.lock */,
				B6C2C9492B64337400C0B8B4 /* Sources */,
				B6C2C94A2B64337400C0B8B4 /* Frameworks */,
				B6C2C94B2B64337400C0B8B4 /* Resources */,
				6B64F093899BAB9ED8D04000 /* [CP] Copy Pods Resources */,
			);
			buildRules = (
			);
			dependencies = (
			);
			name = ObjcDemo;
			productName = ObjcDemo;
			productReference = B6C2C94D2B64337400C0B8B4 /* ObjcDemo.app */;
			productType = "com.apple.product-type.application";
		};
/* End PBXNativeTarget section */

/* Begin PBXProject section */
		B6C2C9452B64337400C0B8B4 /* Project object */ = {
			isa = PBXProject;
			attributes = {
				BuildIndependentTargetsInParallel = 1;
				LastUpgradeCheck = 1410;
				TargetAttributes = {
					B6C2C94C2B64337400C0B8B4 = {
						CreatedOnToolsVersion = 14.1;
						LastSwiftMigration = 2620;
					};
				};
			};
			buildConfigurationList = B6C2C9482B64337400C0B8B4 /* Build configuration list for PBXProject "ObjcDemo" */;
			compatibilityVersion = "Xcode 14.0";
			developmentRegion = en;
			hasScannedForEncodings = 0;
			knownRegions = (
				en,
				Base,
			);
			mainGroup = B6C2C9442B64337400C0B8B4;
			productRefGroup = B6C2C94E2B64337400C0B8B4 /* Products */;
			projectDirPath = "";
			projectRoot = "";
			targets = (
				B6C2C94C2B64337400C0B8B4 /* ObjcDemo */,
				3B89B18410AB038EA8FA8F66 /* ObjcDemoTests */,
			);
		};
/* End PBXProject section */

/* Begin PBXResourcesBuildPhase section */
		2F2E863EE18A8ABBBCE2DD22 /* Resources */ = {
			isa = PBXResourcesBuildPhase;
			buildActionMask = 2147483647;
			files = (
			);
			runOnlyForDeploymentPostprocessing = 0;
		};
		B6C2C94B2B64337400C0B8B4 /* Resources */ = {
			isa = PBXResourcesBuildPhase;
			buildActionMask = 2147483647;
			files = (
				A47B6F6B2F1DD014008D04F4 /* PrivacyInfo.xcprivacy in Resources */,
				B6C2C9602B64337600C0B8B4 /* LaunchScreen.storyboard in Resources */,
				B6C2C95D2B64337600C0B8B4 /* Assets.xcassets in Resources */,
			);
			runOnlyForDeploymentPostprocessing = 0;
		};
/* End PBXResourcesBuildPhase section */

/* Begin PBXShellScriptBuildPhase section */
		539D332F815298C7433C3322 /* [CP] Check Pods Manifest.lock */ = {
			isa = PBXShellScriptBuildPhase;
			buildActionMask = 2147483647;
			files = (
			);
			inputFileListPaths = (
			);
			inputPaths = (
				"${PODS_PODFILE_DIR_PATH}/Podfile.lock",
				"${PODS_ROOT}/Manifest.lock",
			);
			name = "[CP] Check Pods Manifest.lock";
			outputFileListPaths = (
			);
			outputPaths = (
				"$(DERIVED_FILE_DIR)/Pods-ObjcDemoTests-checkManifestLockResult.txt",
			);
			runOnlyForDeploymentPostprocessing = 0;
			shellPath = /bin/sh;
			shellScript = "diff \"${PODS_PODFILE_DIR_PATH}/Podfile.lock\" \"${PODS_ROOT}/Manifest.lock\" > /dev/null\nif [ $? != 0 ] ; then\n    # print error to STDERR\n    echo \"error: The sandbox is not in sync with the Podfile.lock. Run 'pod install' or update your CocoaPods installation.\" >&2\n    exit 1\nfi\n# This output is used by Xcode 'outputs' to avoid re-running this script phase.\necho \"SUCCESS\" > \"${SCRIPT_OUTPUT_FILE_0}\"\n";
			showEnvVarsInLog = 0;
		};
		6B64F093899BAB9ED8D04000 /* [CP] Copy Pods Resources */ = {
			isa = PBXShellScriptBuildPhase;
			buildActionMask = 2147483647;
			files = (
			);
			inputFileListPaths = (
				"${PODS_ROOT}/Target Support Files/Pods-ObjcDemo/Pods-ObjcDemo-resources-${CONFIGURATION}-input-files.xcfilelist",
			);
			name = "[CP] Copy Pods Resources";
			outputFileListPaths = (
				"${PODS_ROOT}/Target Support Files/Pods-ObjcDemo/Pods-ObjcDemo-resources-${CONFIGURATION}-output-files.xcfilelist",
			);
			runOnlyForDeploymentPostprocessing = 0;
			shellPath = /bin/sh;
			shellScript = "\"${PODS_ROOT}/Target Support Files/Pods-ObjcDemo/Pods-ObjcDemo-resources.sh\"\n";
			showEnvVarsInLog = 0;
		};
		9E585CF783EAA3A139B3A524 /* [CP] Check Pods Manifest.lock */ = {
			isa = PBXShellScriptBuildPhase;
			buildActionMask = 2147483647;
			files = (
			);
			inputFileListPaths = (
			);
			inputPaths = (
				"${PODS_PODFILE_DIR_PATH}/Podfile.lock",
				"${PODS_ROOT}/Manifest.lock",
			);
			name = "[CP] Check Pods Manifest.lock";
			outputFileListPaths = (
			);
			outputPaths = (
				"$(DERIVED_FILE_DIR)/Pods-ObjcDemo-checkManifestLockResult.txt",
			);
			runOnlyForDeploymentPostprocessing = 0;
			shellPath = /bin/sh;
			shellScript = "diff \"${PODS_PODFILE_DIR_PATH}/Podfile.lock\" \"${PODS_ROOT}/Manifest.lock\" > /dev/null\nif [ $? != 0 ] ; then\n    # print error to STDERR\n    echo \"error: The sandbox is not in sync with the Podfile.lock. Run 'pod install' or update your CocoaPods installation.\" >&2\n    exit 1\nfi\n# This output is used by Xcode 'outputs' to avoid re-running this script phase.\necho \"SUCCESS\" > \"${SCRIPT_OUTPUT_FILE_0}\"\n";
			showEnvVarsInLog = 0;
		};
/* End PBXShellScriptBuildPhase section */

/* Begin PBXSourcesBuildPhase section */
		8A6141EF448D061DB26C67C3 /* Sources */ = {
			isa = PBXSourcesBuildPhase;
			buildActionMask = 2147483647;
			files = (
				E44B1094E42C23AC0C8272CB /* JFFloatUtilsTests.m in Sources */,
				C9A0E945855EDDB51FE932F0 /* JFNSArrayExtensionTests.m in Sources */,
				4EDB7CAF3C9D880ED737E75B /* JFNSCalendarExtensionTests.m in Sources */,
				EE0EA559A16EF1EE2D0B6CE3 /* JFNSDataExtensionTests.m in Sources */,
				A0EA4320E30D55D05B108218 /* JFNSDateExtensionTests.m in Sources */,
				376C0B0DEDF54FEDD409D98B /* JFNSDictionaryExtensionTests.m in Sources */,
				C285C449FAB6EB8A64EABFD8 /* JFNSDictionarySafeTests.m in Sources */,
				8ECB0493C40795FC4E31BE44 /* JFNSErrorExtensionTests.m in Sources */,
				8285922C100DB1F719285DCC /* JFNSLocaleExtensionTests.m in Sources */,
				FBD1FE19A28BF97B990C2564 /* JFNSMutableArraySafeTests.m in Sources */,
				461018ABE0089D60F4DA2306 /* JFNSMutableAttributedStringExtensionTests.m in Sources */,
				9210125E159DABF61A4AF6CA /* JFNSMutableDictionaryExtensionTests.m in Sources */,
				9F2E347E4B736A36936501EE /* JFNSNumberExtensionTests.m in Sources */,
				CCC138F88C05BA247BB5E96F /* JFNSObjectExtensionTests.m in Sources */,
				BB6B91D3825AE032E6C4A306 /* JFNSStringExtensionTests.m in Sources */,
				3145967A347FD0F736164B53 /* JFNSURLComponentsTests.m in Sources */,
				EDBDC96A86DDB6603CE4F71D /* JFNSURLOSSImageURLTests.m in Sources */,
			);
			runOnlyForDeploymentPostprocessing = 0;
		};
		B6C2C9492B64337400C0B8B4 /* Sources */ = {
			isa = PBXSourcesBuildPhase;
			buildActionMask = 2147483647;
			files = (
				B6FCDC3E2BCAE6150012B22E /* AliveThread.m in Sources */,
				B6F6719B2BCA87AB00458D46 /* JFThreadTestViewController.m in Sources */,
				A43CFB362F0B5AAC00F8D0B3 /* JFRootViewController.m in Sources */,
				C0DFF2030000000000000001 /* JFUIKitDemoListViewController.m in Sources */,
				C0DFF2040000000000000001 /* JFUIKitDemoViewController.m in Sources */,
				B66D43962BC559C9009F4BEB /* MemoryTestCase.m in Sources */,
				A4E662112F0B8C25003A1278 /* JFRoomChatSystemCell.m in Sources */,
				A4E662122F0B8C25003A1278 /* JFRoomChatView.m in Sources */,
				A4E662132F0B8C25003A1278 /* JFRoomChatTextCell.m in Sources */,
				C0DEA0030000000000000001 /* JFObjCTestListViewController.m in Sources */,
				A4E662142F0B8C25003A1278 /* JFRoomChatBaseCell.m in Sources */,
				A4E662152F0B8C25003A1278 /* JFRoomChatModel.m in Sources */,
				B6786B422B97979E007B07C7 /* Teacher.m in Sources */,
				B66D3C992BB483BD009F4BEB /* BlockTestCase.m in Sources */,
				B6C2C9582B64337400C0B8B4 /* ViewController.m in Sources */,
				B6C2C9522B64337400C0B8B4 /* AppDelegate.m in Sources */,
				B64579802B909D5100F38A9A /* JFTest_KVC_KVO_ViewController.m in Sources */,
				A4E662052F0B6020003A1278 /* JFBaseViewController.m in Sources */,
				B6C2C9632B64337600C0B8B4 /* main.m in Sources */,
				B6786B3F2B979792007B07C7 /* Student.m in Sources */,
				A48E5E402F1E31CE00E3A676 /* JFAsrViewController.m in Sources */,
				A4D87DD42DFFB170009ED61B /* UITapDebounceManager.m in Sources */,
				A48E5E3B2F1E310000E3A676 /* JFTestItem.m in Sources */,
				A487B3A62EF406210091D5D8 /* AutoReleasePoolTestCase.m in Sources */,
				B66D41422BC1AF6B009F4BEB /* OtherTestCase.m in Sources */,
				B657AFFF2F1CAA1E0087A7FC /* HelloWorld.swift in Sources */,
				B66F2A7C2BCC16CD0003CC99 /* JFAliveThreadTestViewController.m in Sources */,
				B657B0022F1CAB2F0087A7FC /* JFReactViewController.m in Sources */,
				B66D3C9C2BB48490009F4BEB /* RuntimeTestCase.m in Sources */,
				B66D3C9F2BB48550009F4BEB /* ThreadTestCase.m in Sources */,
				B645797D2B8FD88800F38A9A /* JFPerson.m in Sources */,
				95731E04464A316849A5C59E /* FamVapTestController.m in Sources */,
				717D2FD41CF7433F277B33D3 /* JFVapDebugConfig.m in Sources */,
				F6512E56E3B0B17A3D831B41 /* JFVapImageCacheHelper.m in Sources */,
				4AB3C102AA8F123215EA0D36 /* JFVapResourceDownloader.m in Sources */,
			);
			runOnlyForDeploymentPostprocessing = 0;
		};
/* End PBXSourcesBuildPhase section */

/* Begin PBXTargetDependency section */
		C97F9F358248CBEA223EF28C /* PBXTargetDependency */ = {
			isa = PBXTargetDependency;
			name = ObjcDemo;
			target = B6C2C94C2B64337400C0B8B4 /* ObjcDemo */;
			targetProxy = 6651B0763E43710E147D5C3E /* PBXContainerItemProxy */;
		};
/* End PBXTargetDependency section */

/* Begin PBXVariantGroup section */
		B6C2C95E2B64337600C0B8B4 /* LaunchScreen.storyboard */ = {
			isa = PBXVariantGroup;
			children = (
				B6C2C95F2B64337600C0B8B4 /* Base */,
			);
			name = LaunchScreen.storyboard;
			sourceTree = "<group>";
		};
/* End PBXVariantGroup section */

/* Begin XCBuildConfiguration section */
		25CD189EF03ADC2C83360787 /* Release */ = {
			isa = XCBuildConfiguration;
			baseConfigurationReference = C962736E812FB9645B7FCAD2 /* Pods-ObjcDemoTests.release.xcconfig */;
			buildSettings = {
				BUNDLE_LOADER = "$(TEST_HOST)";
				CLANG_ENABLE_OBJC_WEAK = NO;
				CODE_SIGN_STYLE = Automatic;
				DEVELOPMENT_TEAM = R4BZ43Z9R2;
				GENERATE_INFOPLIST_FILE = YES;
				IPHONEOS_DEPLOYMENT_TARGET = 16.1;
				PRODUCT_BUNDLE_IDENTIFIER = com.donghong.demo.ObjcDemoTests;
				PRODUCT_NAME = "$(TARGET_NAME)";
				SDKROOT = iphoneos;
				TARGETED_DEVICE_FAMILY = 1;
				TEST_HOST = "$(BUILT_PRODUCTS_DIR)/ObjcDemo.app/$(BUNDLE_EXECUTABLE_FOLDER_PATH)/ObjcDemo";
				VALIDATE_PRODUCT = YES;
			};
			name = Release;
		};
		7CFB408AEFE1A5DE3024E3DC /* Debug */ = {
			isa = XCBuildConfiguration;
			baseConfigurationReference = 66D6C16C65E19846F003BC81 /* Pods-ObjcDemoTests.debug.xcconfig */;
			buildSettings = {
				BUNDLE_LOADER = "$(TEST_HOST)";
				CLANG_ENABLE_OBJC_WEAK = NO;
				CODE_SIGN_STYLE = Automatic;
				DEVELOPMENT_TEAM = R4BZ43Z9R2;
				GENERATE_INFOPLIST_FILE = YES;
				IPHONEOS_DEPLOYMENT_TARGET = 16.1;
				PRODUCT_BUNDLE_IDENTIFIER = com.donghong.demo.ObjcDemoTests;
				PRODUCT_NAME = "$(TARGET_NAME)";
				SDKROOT = iphoneos;
				TARGETED_DEVICE_FAMILY = 1;
				TEST_HOST = "$(BUILT_PRODUCTS_DIR)/ObjcDemo.app/$(BUNDLE_EXECUTABLE_FOLDER_PATH)/ObjcDemo";
			};
			name = Debug;
		};
		B6C2C9642B64337600C0B8B4 /* Debug */ = {
			isa = XCBuildConfiguration;
			buildSettings = {
				ALWAYS_SEARCH_USER_PATHS = NO;
				CLANG_ANALYZER_NONNULL = YES;
				CLANG_ANALYZER_NUMBER_OBJECT_CONVERSION = YES_AGGRESSIVE;
				CLANG_CXX_LANGUAGE_STANDARD = "c++20";
				CLANG_ENABLE_MODULES = YES;
				CLANG_ENABLE_OBJC_ARC = YES;
				CLANG_ENABLE_OBJC_WEAK = YES;
				CLANG_WARN_BLOCK_CAPTURE_AUTORELEASING = YES;
				CLANG_WARN_BOOL_CONVERSION = YES;
				CLANG_WARN_COMMA = YES;
				CLANG_WARN_CONSTANT_CONVERSION = YES;
				CLANG_WARN_DEPRECATED_OBJC_IMPLEMENTATIONS = YES;
				CLANG_WARN_DIRECT_OBJC_ISA_USAGE = YES_ERROR;
				CLANG_WARN_DOCUMENTATION_COMMENTS = YES;
				CLANG_WARN_EMPTY_BODY = YES;
				CLANG_WARN_ENUM_CONVERSION = YES;
				CLANG_WARN_INFINITE_RECURSION = YES;
				CLANG_WARN_INT_CONVERSION = YES;
				CLANG_WARN_NON_LITERAL_NULL_CONVERSION = YES;
				CLANG_WARN_OBJC_IMPLICIT_RETAIN_SELF = YES;
				CLANG_WARN_OBJC_LITERAL_CONVERSION = YES;
				CLANG_WARN_OBJC_ROOT_CLASS = YES_ERROR;
				CLANG_WARN_QUOTED_INCLUDE_IN_FRAMEWORK_HEADER = YES;
				CLANG_WARN_RANGE_LOOP_ANALYSIS = YES;
				CLANG_WARN_STRICT_PROTOTYPES = YES;
				CLANG_WARN_SUSPICIOUS_MOVE = YES;
				CLANG_WARN_UNGUARDED_AVAILABILITY = YES_AGGRESSIVE;
				CLANG_WARN_UNREACHABLE_CODE = YES;
				CLANG_WARN__DUPLICATE_METHOD_MATCH = YES;
				COPY_PHASE_STRIP = NO;
				DEBUG_INFORMATION_FORMAT = dwarf;
				ENABLE_STRICT_OBJC_MSGSEND = YES;
				ENABLE_TESTABILITY = YES;
				GCC_C_LANGUAGE_STANDARD = gnu11;
				GCC_DYNAMIC_NO_PIC = NO;
				GCC_NO_COMMON_BLOCKS = YES;
				GCC_OPTIMIZATION_LEVEL = 0;
				GCC_PREPROCESSOR_DEFINITIONS = (
					"DEBUG=1",
					"$(inherited)",
				);
				GCC_WARN_64_TO_32_BIT_CONVERSION = YES;
				GCC_WARN_ABOUT_RETURN_TYPE = YES_ERROR;
				GCC_WARN_UNDECLARED_SELECTOR = YES;
				GCC_WARN_UNINITIALIZED_AUTOS = YES_AGGRESSIVE;
				GCC_WARN_UNUSED_FUNCTION = YES;
				GCC_WARN_UNUSED_VARIABLE = YES;
				IPHONEOS_DEPLOYMENT_TARGET = 16.1;
				MTL_ENABLE_DEBUG_INFO = INCLUDE_SOURCE;
				MTL_FAST_MATH = YES;
				ONLY_ACTIVE_ARCH = YES;
				OTHER_CFLAGS = "$(inherited)";
				OTHER_CPLUSPLUSFLAGS = "$(inherited)";
				REACT_NATIVE_PATH = "${PODS_ROOT}/../../node_modules/react-native";
				SDKROOT = iphoneos;
				SWIFT_ACTIVE_COMPILATION_CONDITIONS = "$(inherited) DEBUG";
				USE_HERMES = true;
			};
			name = Debug;
		};
		B6C2C9652B64337600C0B8B4 /* Release */ = {
			isa = XCBuildConfiguration;
			buildSettings = {
				ALWAYS_SEARCH_USER_PATHS = NO;
				CLANG_ANALYZER_NONNULL = YES;
				CLANG_ANALYZER_NUMBER_OBJECT_CONVERSION = YES_AGGRESSIVE;
				CLANG_CXX_LANGUAGE_STANDARD = "c++20";
				CLANG_ENABLE_MODULES = YES;
				CLANG_ENABLE_OBJC_ARC = YES;
				CLANG_ENABLE_OBJC_WEAK = YES;
				CLANG_WARN_BLOCK_CAPTURE_AUTORELEASING = YES;
				CLANG_WARN_BOOL_CONVERSION = YES;
				CLANG_WARN_COMMA = YES;
				CLANG_WARN_CONSTANT_CONVERSION = YES;
				CLANG_WARN_DEPRECATED_OBJC_IMPLEMENTATIONS = YES;
				CLANG_WARN_DIRECT_OBJC_ISA_USAGE = YES_ERROR;
				CLANG_WARN_DOCUMENTATION_COMMENTS = YES;
				CLANG_WARN_EMPTY_BODY = YES;
				CLANG_WARN_ENUM_CONVERSION = YES;
				CLANG_WARN_INFINITE_RECURSION = YES;
				CLANG_WARN_INT_CONVERSION = YES;
				CLANG_WARN_NON_LITERAL_NULL_CONVERSION = YES;
				CLANG_WARN_OBJC_IMPLICIT_RETAIN_SELF = YES;
				CLANG_WARN_OBJC_LITERAL_CONVERSION = YES;
				CLANG_WARN_OBJC_ROOT_CLASS = YES_ERROR;
				CLANG_WARN_QUOTED_INCLUDE_IN_FRAMEWORK_HEADER = YES;
				CLANG_WARN_RANGE_LOOP_ANALYSIS = YES;
				CLANG_WARN_STRICT_PROTOTYPES = YES;
				CLANG_WARN_SUSPICIOUS_MOVE = YES;
				CLANG_WARN_UNGUARDED_AVAILABILITY = YES_AGGRESSIVE;
				CLANG_WARN_UNREACHABLE_CODE = YES;
				CLANG_WARN__DUPLICATE_METHOD_MATCH = YES;
				COPY_PHASE_STRIP = NO;
				DEBUG_INFORMATION_FORMAT = "dwarf-with-dsym";
				ENABLE_NS_ASSERTIONS = NO;
				ENABLE_STRICT_OBJC_MSGSEND = YES;
				GCC_C_LANGUAGE_STANDARD = gnu11;
				GCC_NO_COMMON_BLOCKS = YES;
				GCC_WARN_64_TO_32_BIT_CONVERSION = YES;
				GCC_WARN_ABOUT_RETURN_TYPE = YES_ERROR;
				GCC_WARN_UNDECLARED_SELECTOR = YES;
				GCC_WARN_UNINITIALIZED_AUTOS = YES_AGGRESSIVE;
				GCC_WARN_UNUSED_FUNCTION = YES;
				GCC_WARN_UNUSED_VARIABLE = YES;
				IPHONEOS_DEPLOYMENT_TARGET = 16.1;
				MTL_ENABLE_DEBUG_INFO = NO;
				MTL_FAST_MATH = YES;
				OTHER_CFLAGS = "$(inherited)";
				OTHER_CPLUSPLUSFLAGS = "$(inherited)";
				REACT_NATIVE_PATH = "${PODS_ROOT}/../../node_modules/react-native";
				SDKROOT = iphoneos;
				USE_HERMES = true;
				VALIDATE_PRODUCT = YES;
			};
			name = Release;
		};
		B6C2C9672B64337600C0B8B4 /* Debug */ = {
			isa = XCBuildConfiguration;
			baseConfigurationReference = 10C682BA7D76DF8A72AA22E8 /* Pods-ObjcDemo.debug.xcconfig */;
			buildSettings = {
				ASSETCATALOG_COMPILER_APPICON_NAME = AppIcon;
				ASSETCATALOG_COMPILER_GLOBAL_ACCENT_COLOR_NAME = AccentColor;
				CLANG_ENABLE_MODULES = YES;
				CODE_SIGN_STYLE = Automatic;
				CURRENT_PROJECT_VERSION = 1;
				DEVELOPMENT_TEAM = R4BZ43Z9R2;
				GCC_PREFIX_HEADER = "ObjcDemo/App/ObjcDemo-Prefix.pch";
				GENERATE_INFOPLIST_FILE = YES;
				INFOPLIST_FILE = ObjcDemo/App/Info.plist;
				INFOPLIST_KEY_CFBundleDisplayName = ObjcDemo;
				INFOPLIST_KEY_NSCameraUsageDescription = "Allow the use of your phone camera when editing your profile or upload moment images";
				INFOPLIST_KEY_NSMicrophoneUsageDescription = "Allow the use of your mic for one by one calling, and send voice message.";
				INFOPLIST_KEY_NSPhotoLibraryAddUsageDescription = "Allow access to your full photo library or only photos that you select when editing your profile or upload moment images";
				INFOPLIST_KEY_NSPhotoLibraryUsageDescription = "Allow access to your full photo library or only photos that you select when editing your profile or upload moment images";
				INFOPLIST_KEY_NSUserTrackingUsageDescription = "for advertising campaign performance analysis";
				INFOPLIST_KEY_UIApplicationSupportsIndirectInputEvents = YES;
				INFOPLIST_KEY_UILaunchStoryboardName = LaunchScreen.storyboard;
				INFOPLIST_KEY_UISupportedInterfaceOrientations = UIInterfaceOrientationPortrait;
				INFOPLIST_KEY_UIUserInterfaceStyle = Light;
				LD_RUNPATH_SEARCH_PATHS = (
					"$(inherited)",
					"@executable_path/Frameworks",
				);
				MARKETING_VERSION = 1.0;
				PRODUCT_BUNDLE_IDENTIFIER = com.donghong.demo.ObjcDemo;
				PRODUCT_NAME = "$(TARGET_NAME)";
				SUPPORTED_PLATFORMS = "iphoneos iphonesimulator";
				SUPPORTS_MACCATALYST = NO;
				SUPPORTS_MAC_DESIGNED_FOR_IPHONE_IPAD = NO;
				SUPPORTS_XR_DESIGNED_FOR_IPHONE_IPAD = NO;
				SWIFT_EMIT_LOC_STRINGS = YES;
				SWIFT_OBJC_BRIDGING_HEADER = "ObjcDemo/Swift/ObjcDemo-Bridging-Header.h";
				SWIFT_OPTIMIZATION_LEVEL = "-Onone";
				SWIFT_VERSION = 5.0;
				TARGETED_DEVICE_FAMILY = 1;
			};
			name = Debug;
		};
		B6C2C9682B64337600C0B8B4 /* Release */ = {
			isa = XCBuildConfiguration;
			baseConfigurationReference = 5EC1CE3A5EA7D6B9F1E43FFA /* Pods-ObjcDemo.release.xcconfig */;
			buildSettings = {
				ASSETCATALOG_COMPILER_APPICON_NAME = AppIcon;
				ASSETCATALOG_COMPILER_GLOBAL_ACCENT_COLOR_NAME = AccentColor;
				CLANG_ENABLE_MODULES = YES;
				CODE_SIGN_STYLE = Automatic;
				CURRENT_PROJECT_VERSION = 1;
				DEVELOPMENT_TEAM = R4BZ43Z9R2;
				GCC_PREFIX_HEADER = "ObjcDemo/App/ObjcDemo-Prefix.pch";
				GENERATE_INFOPLIST_FILE = YES;
				INFOPLIST_FILE = ObjcDemo/App/Info.plist;
				INFOPLIST_KEY_CFBundleDisplayName = ObjcDemo;
				INFOPLIST_KEY_NSCameraUsageDescription = "Allow the use of your phone camera when editing your profile or upload moment images";
				INFOPLIST_KEY_NSMicrophoneUsageDescription = "Allow the use of your mic for one by one calling, and send voice message.";
				INFOPLIST_KEY_NSPhotoLibraryAddUsageDescription = "Allow access to your full photo library or only photos that you select when editing your profile or upload moment images";
				INFOPLIST_KEY_NSPhotoLibraryUsageDescription = "Allow access to your full photo library or only photos that you select when editing your profile or upload moment images";
				INFOPLIST_KEY_NSUserTrackingUsageDescription = "for advertising campaign performance analysis";
				INFOPLIST_KEY_UIApplicationSupportsIndirectInputEvents = YES;
				INFOPLIST_KEY_UILaunchStoryboardName = LaunchScreen.storyboard;
				INFOPLIST_KEY_UISupportedInterfaceOrientations = UIInterfaceOrientationPortrait;
				INFOPLIST_KEY_UIUserInterfaceStyle = Light;
				LD_RUNPATH_SEARCH_PATHS = (
					"$(inherited)",
					"@executable_path/Frameworks",
				);
				MARKETING_VERSION = 1.0;
				PRODUCT_BUNDLE_IDENTIFIER = com.donghong.demo.ObjcDemo;
				PRODUCT_NAME = "$(TARGET_NAME)";
				SUPPORTED_PLATFORMS = "iphoneos iphonesimulator";
				SUPPORTS_MACCATALYST = NO;
				SUPPORTS_MAC_DESIGNED_FOR_IPHONE_IPAD = NO;
				SUPPORTS_XR_DESIGNED_FOR_IPHONE_IPAD = NO;
				SWIFT_EMIT_LOC_STRINGS = YES;
				SWIFT_OBJC_BRIDGING_HEADER = "ObjcDemo/Swift/ObjcDemo-Bridging-Header.h";
				SWIFT_VERSION = 5.0;
				TARGETED_DEVICE_FAMILY = 1;
			};
			name = Release;
		};
/* End XCBuildConfiguration section */

/* Begin XCConfigurationList section */
		036914709E9F32F063C6E8EA /* Build configuration list for PBXNativeTarget "ObjcDemoTests" */ = {
			isa = XCConfigurationList;
			buildConfigurations = (
				25CD189EF03ADC2C83360787 /* Release */,
				7CFB408AEFE1A5DE3024E3DC /* Debug */,
			);
			defaultConfigurationIsVisible = 0;
			defaultConfigurationName = Release;
		};
		B6C2C9482B64337400C0B8B4 /* Build configuration list for PBXProject "ObjcDemo" */ = {
			isa = XCConfigurationList;
			buildConfigurations = (
				B6C2C9642B64337600C0B8B4 /* Debug */,
				B6C2C9652B64337600C0B8B4 /* Release */,
			);
			defaultConfigurationIsVisible = 0;
			defaultConfigurationName = Release;
		};
		B6C2C9662B64337600C0B8B4 /* Build configuration list for PBXNativeTarget "ObjcDemo" */ = {
			isa = XCConfigurationList;
			buildConfigurations = (
				B6C2C9672B64337600C0B8B4 /* Debug */,
				B6C2C9682B64337600C0B8B4 /* Release */,
			);
			defaultConfigurationIsVisible = 0;
			defaultConfigurationName = Release;
		};
/* End XCConfigurationList section */
	};
	rootObject = B6C2C9452B64337400C0B8B4 /* Project object */;
}
